
Microsoft Visual Studio Solution File, Format Version 12.00
# Visual Studio Version 17
VisualStudioVersion = 17.11.35327.3
MinimumVisualStudioVersion = 10.0.40219.1
Project("{FAE04EC0-301F-11D3-BF4B-00C04F79EFBC}") = "pertemuan13_NeniAndriana", "pertemuan13_NeniAndriana.csproj", "{55BF62A8-D340-45F4-B3D5-01129C41D748}"
EndProject
Global
	GlobalSection(SolutionConfigurationPlatforms) = preSolution
		Debug|Any CPU = Debug|Any CPU
		Release|Any CPU = Release|Any CPU
	EndGlobalSection
	GlobalSection(ProjectConfigurationPlatforms) = postSolution
		{55BF62A8-D340-45F4-B3D5-01129C41D748}.Debug|Any CPU.ActiveCfg = Debug|Any CPU
		{55BF62A8-D340-45F4-B3D5-01129C41D748}.Debug|Any CPU.Build.0 = Debug|Any CPU
		{55BF62A8-D340-45F4-B3D5-01129C41D748}.Release|Any CPU.ActiveCfg = Release|Any CPU
		{55BF62A8-D340-45F4-B3D5-01129C41D748}.Release|Any CPU.Build.0 = Release|Any CPU
	EndGlobalSection
	GlobalSection(SolutionProperties) = preSolution
		HideSolutionNode = FALSE
	EndGlobalSection
	GlobalSection(ExtensibilityGlobals) = postSolution
		SolutionGuid = {0C9B62C9-3FA8-4E6D-B243-6AA865B86BE3}
	EndGlobalSection
EndGlobal
